
Microsoft Visual Studio Solution File, Format Version 12.00
Project("{FAE04EC0-301F-11D3-BF4B-00C04F79EFBC}") = "ApiVersioningSpike", "ApiVersioningSpike\ApiVersioningSpike.csproj", "{A63AE15C-124D-4925-9C5B-5F65AFC2143E}"
EndProject
Global
	GlobalSection(SolutionConfigurationPlatforms) = preSolution
		Debug|Any CPU = Debug|Any CPU
		Release|Any CPU = Release|Any CPU
	EndGlobalSection
	GlobalSection(ProjectConfigurationPlatforms) = postSolution
		{A63AE15C-124D-4925-9C5B-5F65AFC2143E}.Debug|Any CPU.ActiveCfg = Debug|Any CPU
		{A63AE15C-124D-4925-9C5B-5F65AFC2143E}.Debug|Any CPU.Build.0 = Debug|Any CPU
		{A63AE15C-124D-4925-9C5B-5F65AFC2143E}.Release|Any CPU.ActiveCfg = Release|Any CPU
		{A63AE15C-124D-4925-9C5B-5F65AFC2143E}.Release|Any CPU.Build.0 = Release|Any CPU
	EndGlobalSection
EndGlobal
